
Microsoft Visual Studio Solution File, Format Version 12.00
# Visual Studio Version 16
VisualStudioVersion = 16.0.31613.86
MinimumVisualStudioVersion = 10.0.40219.1
Project("{9A19103F-16F7-4668-BE54-9A1E7A4F7556}") = "VehicleAPI", "VehicleAPI\VehicleAPI.csproj", "{721FD306-9E48-4E80-8032-77A0868095A4}"
EndProject
Project("{FAE04EC0-301F-11D3-BF4B-00C04F79EFBC}") = "VehicleAPI.UnitTest", "VehicleAPI.UnitTest\VehicleAPI.UnitTest.csproj", "{AD352959-9DF9-4DFC-88EE-4D00F41C62E3}"
EndProject
Global
	GlobalSection(SolutionConfigurationPlatforms) = preSolution
		Debug|Any CPU = Debug|Any CPU
		Release|Any CPU = Release|Any CPU
	EndGlobalSection
	GlobalSection(ProjectConfigurationPlatforms) = postSolution
		{721FD306-9E48-4E80-8032-77A0868095A4}.Debug|Any CPU.ActiveCfg = Debug|Any CPU
		{721FD306-9E48-4E80-8032-77A0868095A4}.Debug|Any CPU.Build.0 = Debug|Any CPU
		{721FD306-9E48-4E80-8032-77A0868095A4}.Release|Any CPU.ActiveCfg = Release|Any CPU
		{721FD306-9E48-4E80-8032-77A0868095A4}.Release|Any CPU.Build.0 = Release|Any CPU
		{AD352959-9DF9-4DFC-88EE-4D00F41C62E3}.Debug|Any CPU.ActiveCfg = Debug|Any CPU
		{AD352959-9DF9-4DFC-88EE-4D00F41C62E3}.Debug|Any CPU.Build.0 = Debug|Any CPU
		{AD352959-9DF9-4DFC-88EE-4D00F41C62E3}.Release|Any CPU.ActiveCfg = Release|Any CPU
		{AD352959-9DF9-4DFC-88EE-4D00F41C62E3}.Release|Any CPU.Build.0 = Release|Any CPU
	EndGlobalSection
	GlobalSection(SolutionProperties) = preSolution
		HideSolutionNode = FALSE
	EndGlobalSection
	GlobalSection(ExtensibilityGlobals) = postSolution
		SolutionGuid = {A1C78223-2000-4D66-80D5-C45E0F2783C1}
	EndGlobalSection
EndGlobal
